
Microsoft Visual Studio Solution File, Format Version 12.00
# Visual Studio Version 16
VisualStudioVersion = 16.0.30523.141
MinimumVisualStudioVersion = 10.0.40219.1
Project("{9A19103F-16F7-4668-BE54-9A1E7A4F7556}") = "TextSequence", "TextSequence\TextSequence.csproj", "{8F9BE5D8-9006-4857-A684-F80325A1F82A}"
EndProject
Project("{9A19103F-16F7-4668-BE54-9A1E7A4F7556}") = "SequenceAPI", "SequenceAPI\SequenceAPI.csproj", "{F3841C8F-C5CE-470B-A217-8E0E364AC4E5}"
EndProject
Project("{FAE04EC0-301F-11D3-BF4B-00C04F79EFBC}") = "SearchSequence", "SearchSequence\SearchSequence.csproj", "{50880A36-1FA2-4F12-BC51-CF0089264B56}"
EndProject
Global
	GlobalSection(SolutionConfigurationPlatforms) = preSolution
		Debug|Any CPU = Debug|Any CPU
		Release|Any CPU = Release|Any CPU
	EndGlobalSection
	GlobalSection(ProjectConfigurationPlatforms) = postSolution
		{8F9BE5D8-9006-4857-A684-F80325A1F82A}.Debug|Any CPU.ActiveCfg = Debug|Any CPU
		{8F9BE5D8-9006-4857-A684-F80325A1F82A}.Debug|Any CPU.Build.0 = Debug|Any CPU
		{8F9BE5D8-9006-4857-A684-F80325A1F82A}.Release|Any CPU.ActiveCfg = Release|Any CPU
		{8F9BE5D8-9006-4857-A684-F80325A1F82A}.Release|Any CPU.Build.0 = Release|Any CPU
		{F3841C8F-C5CE-470B-A217-8E0E364AC4E5}.Debug|Any CPU.ActiveCfg = Debug|Any CPU
		{F3841C8F-C5CE-470B-A217-8E0E364AC4E5}.Debug|Any CPU.Build.0 = Debug|Any CPU
		{F3841C8F-C5CE-470B-A217-8E0E364AC4E5}.Release|Any CPU.ActiveCfg = Release|Any CPU
		{F3841C8F-C5CE-470B-A217-8E0E364AC4E5}.Release|Any CPU.Build.0 = Release|Any CPU
		{50880A36-1FA2-4F12-BC51-CF0089264B56}.Debug|Any CPU.ActiveCfg = Debug|Any CPU
		{50880A36-1FA2-4F12-BC51-CF0089264B56}.Debug|Any CPU.Build.0 = Debug|Any CPU
		{50880A36-1FA2-4F12-BC51-CF0089264B56}.Release|Any CPU.ActiveCfg = Release|Any CPU
		{50880A36-1FA2-4F12-BC51-CF0089264B56}.Release|Any CPU.Build.0 = Release|Any CPU
	EndGlobalSection
	GlobalSection(SolutionProperties) = preSolution
		HideSolutionNode = FALSE
	EndGlobalSection
	GlobalSection(ExtensibilityGlobals) = postSolution
		SolutionGuid = {8ABCB1CD-35BA-42B6-B404-C5E260D1DBD4}
	EndGlobalSection
EndGlobal
